
Microsoft Visual Studio Solution File, Format Version 12.00
# Visual Studio Version 18
VisualStudioVersion = 18.0.11222.15
MinimumVisualStudioVersion = 10.0.40219.1
Project("{FAE04EC0-301F-11D3-BF4B-00C04F79EFBC}") = "NutriTrack.Domain", "src\NutriTrack.Domain\NutriTrack.Domain.csproj", "{59CF4AF9-7ACD-4CE1-AC41-DB668E5F9D02}"
EndProject
Project("{FAE04EC0-301F-11D3-BF4B-00C04F79EFBC}") = "NutriTrack.Application", "src\NutriTrack.Application\NutriTrack.Application.csproj", "{67FD47D4-9E62-4D3C-9B5D-38CB87147D4C}"
EndProject
Project("{FAE04EC0-301F-11D3-BF4B-00C04F79EFBC}") = "NutriTrack.Infrastructure", "src\NutriTrack.Infrastructure\NutriTrack.Infrastructure.csproj", "{581D916C-1B61-4A1F-A9D4-566327D9136C}"
EndProject
Project("{FAE04EC0-301F-11D3-BF4B-00C04F79EFBC}") = "NutriTrack.Contracts", "src\NutriTrack.Contracts\NutriTrack.Contracts.csproj", "{1E182A8F-BB64-4338-9809-F459DE1484F9}"
EndProject
Project("{FAE04EC0-301F-11D3-BF4B-00C04F79EFBC}") = "NutriTrack.Api", "src\NutriTrack.Api\NutriTrack.Api.csproj", "{460A5AB5-BDC9-46A5-BEB6-645E6151BCBD}"
EndProject
Project("{2150E333-8FDC-42A3-9474-1A3956D46DE8}") = "Notifications", "Notifications", "{80482E18-AEA2-434B-9D90-191659EACB7A}"
EndProject
Project("{2150E333-8FDC-42A3-9474-1A3956D46DE8}") = "NutriTrack", "NutriTrack", "{A9DB620B-96BD-4D67-8E5A-F120760689D0}"
EndProject
Project("{FAE04EC0-301F-11D3-BF4B-00C04F79EFBC}") = "NutriTrack.Notifications.Domain", "src\NutriTrack.Notifications.Domain\NutriTrack.Notifications.Domain.csproj", "{6A6983D6-7D3B-99C9-A878-99CD575735AF}"
EndProject
Project("{FAE04EC0-301F-11D3-BF4B-00C04F79EFBC}") = "NutriTrack.Notifications.Application", "src\NutriTrack.Notifications.Application\NutriTrack.Notifications.Application.csproj", "{78F65DD9-CE7E-9849-7A33-89F14593A646}"
EndProject
Project("{FAE04EC0-301F-11D3-BF4B-00C04F79EFBC}") = "NutriTrack.Notifications.Infrastructure", "src\NutriTrack.Notifications.Infrastructure\NutriTrack.Notifications.Infrastructure.csproj", "{C655EE2F-C722-C61B-19E1-0A188DFF0B2C}"
EndProject
Project("{2150E333-8FDC-42A3-9474-1A3956D46DE8}") = "Shared", "Shared", "{02519FA6-7D77-4267-950C-DBFF463B1C87}"
EndProject
Project("{FAE04EC0-301F-11D3-BF4B-00C04F79EFBC}") = "NutriTrack.Shared.Contracts", "src\NutriTrack.Shared.Contracts\NutriTrack.Shared.Contracts.csproj", "{48F02E4D-838D-0C38-6B5B-D60453FE80DF}"
EndProject
Project("{FAE04EC0-301F-11D3-BF4B-00C04F79EFBC}") = "NutriTrack.Notifications.Worker", "src\NutriTrack.Notifications.Worker\NutriTrack.Notifications.Worker.csproj", "{931DD7CA-C670-8B1F-6080-92309DA3CC38}"
EndProject
Project("{FAE04EC0-301F-11D3-BF4B-00C04F79EFBC}") = "NutriTrack.Notifications.Api", "src\NutriTrack.Notifications.Api\NutriTrack.Notifications.Api.csproj", "{7216B13A-57E7-0B6A-C135-0EC95868573D}"
EndProject
Global
	GlobalSection(SolutionConfigurationPlatforms) = preSolution
		Debug|Any CPU = Debug|Any CPU
		Debug|x64 = Debug|x64
		Debug|x86 = Debug|x86
		Release|Any CPU = Release|Any CPU
		Release|x64 = Release|x64
		Release|x86 = Release|x86
	EndGlobalSection
	GlobalSection(ProjectConfigurationPlatforms) = postSolution
		{59CF4AF9-7ACD-4CE1-AC41-DB668E5F9D02}.Debug|Any CPU.ActiveCfg = Debug|Any CPU
		{59CF4AF9-7ACD-4CE1-AC41-DB668E5F9D02}.Debug|Any CPU.Build.0 = Debug|Any CPU
		{59CF4AF9-7ACD-4CE1-AC41-DB668E5F9D02}.Debug|x64.ActiveCfg = Debug|Any CPU
		{59CF4AF9-7ACD-4CE1-AC41-DB668E5F9D02}.Debug|x64.Build.0 = Debug|Any CPU
		{59CF4AF9-7ACD-4CE1-AC41-DB668E5F9D02}.Debug|x86.ActiveCfg = Debug|Any CPU
		{59CF4AF9-7ACD-4CE1-AC41-DB668E5F9D02}.Debug|x86.Build.0 = Debug|Any CPU
		{59CF4AF9-7ACD-4CE1-AC41-DB668E5F9D02}.Release|Any CPU.ActiveCfg = Release|Any CPU
		{59CF4AF9-7ACD-4CE1-AC41-DB668E5F9D02}.Release|Any CPU.Build.0 = Release|Any CPU
		{59CF4AF9-7ACD-4CE1-AC41-DB668E5F9D02}.Release|x64.ActiveCfg = Release|Any CPU
		{59CF4AF9-7ACD-4CE1-AC41-DB668E5F9D02}.Release|x64.Build.0 = Release|Any CPU
		{59CF4AF9-7ACD-4CE1-AC41-DB668E5F9D02}.Release|x86.ActiveCfg = Release|Any CPU
		{59CF4AF9-7ACD-4CE1-AC41-DB668E5F9D02}.Release|x86.Build.0 = Release|Any CPU
		{67FD47D4-9E62-4D3C-9B5D-38CB87147D4C}.Debug|Any CPU.ActiveCfg = Debug|Any CPU
		{67FD47D4-9E62-4D3C-9B5D-38CB87147D4C}.Debug|Any CPU.Build.0 = Debug|Any CPU
		{67FD47D4-9E62-4D3C-9B5D-38CB87147D4C}.Debug|x64.ActiveCfg = Debug|Any CPU
		{67FD47D4-9E62-4D3C-9B5D-38CB87147D4C}.Debug|x64.Build.0 = Debug|Any CPU
		{67FD47D4-9E62-4D3C-9B5D-38CB87147D4C}.Debug|x86.ActiveCfg = Debug|Any CPU
		{67FD47D4-9E62-4D3C-9B5D-38CB87147D4C}.Debug|x86.Build.0 = Debug|Any CPU
		{67FD47D4-9E62-4D3C-9B5D-38CB87147D4C}.Release|Any CPU.ActiveCfg = Release|Any CPU
		{67FD47D4-9E62-4D3C-9B5D-38CB87147D4C}.Release|Any CPU.Build.0 = Release|Any CPU
		{67FD47D4-9E62-4D3C-9B5D-38CB87147D4C}.Release|x64.ActiveCfg = Release|Any CPU
		{67FD47D4-9E62-4D3C-9B5D-38CB87147D4C}.Release|x64.Build.0 = Release|Any CPU
		{67FD47D4-9E62-4D3C-9B5D-38CB87147D4C}.Release|x86.ActiveCfg = Release|Any CPU
		{67FD47D4-9E62-4D3C-9B5D-38CB87147D4C}.Release|x86.Build.0 = Release|Any CPU
		{581D916C-1B61-4A1F-A9D4-566327D9136C}.Debug|Any CPU.ActiveCfg = Debug|Any CPU
		{581D916C-1B61-4A1F-A9D4-566327D9136C}.Debug|Any CPU.Build.0 = Debug|Any CPU
		{581D916C-1B61-4A1F-A9D4-566327D9136C}.Debug|x64.ActiveCfg = Debug|Any CPU
		{581D916C-1B61-4A1F-A9D4-566327D9136C}.Debug|x64.Build.0 = Debug|Any CPU
		{581D916C-1B61-4A1F-A9D4-566327D9136C}.Debug|x86.ActiveCfg = Debug|Any CPU
		{581D916C-1B61-4A1F-A9D4-566327D9136C}.Debug|x86.Build.0 = Debug|Any CPU
		{581D916C-1B61-4A1F-A9D4-566327D9136C}.Release|Any CPU.ActiveCfg = Release|Any CPU
		{581D916C-1B61-4A1F-A9D4-566327D9136C}.Release|Any CPU.Build.0 = Release|Any CPU
		{581D916C-1B61-4A1F-A9D4-566327D9136C}.Release|x64.ActiveCfg = Release|Any CPU
		{581D916C-1B61-4A1F-A9D4-566327D9136C}.Release|x64.Build.0 = Release|Any CPU
		{581D916C-1B61-4A1F-A9D4-566327D9136C}.Release|x86.ActiveCfg = Release|Any CPU
		{581D916C-1B61-4A1F-A9D4-566327D9136C}.Release|x86.Build.0 = Release|Any CPU
		{1E182A8F-BB64-4338-9809-F459DE1484F9}.Debug|Any CPU.ActiveCfg = Debug|Any CPU
		{1E182A8F-BB64-4338-9809-F459DE1484F9}.Debug|Any CPU.Build.0 = Debug|Any CPU
		{1E182A8F-BB64-4338-9809-F459DE1484F9}.Debug|x64.ActiveCfg = Debug|Any CPU
		{1E182A8F-BB64-4338-9809-F459DE1484F9}.Debug|x64.Build.0 = Debug|Any CPU
		{1E182A8F-BB64-4338-9809-F459DE1484F9}.Debug|x86.ActiveCfg = Debug|Any CPU
		{1E182A8F-BB64-4338-9809-F459DE1484F9}.Debug|x86.Build.0 = Debug|Any CPU
		{1E182A8F-BB64-4338-9809-F459DE1484F9}.Release|Any CPU.ActiveCfg = Release|Any CPU
		{1E182A8F-BB64-4338-9809-F459DE1484F9}.Release|Any CPU.Build.0 = Release|Any CPU
		{1E182A8F-BB64-4338-9809-F459DE1484F9}.Release|x64.ActiveCfg = Release|Any CPU
		{1E182A8F-BB64-4338-9809-F459DE1484F9}.Release|x64.Build.0 = Release|Any CPU
		{1E182A8F-BB64-4338-9809-F459DE1484F9}.Release|x86.ActiveCfg = Release|Any CPU
		{1E182A8F-BB64-4338-9809-F459DE1484F9}.Release|x86.Build.0 = Release|Any CPU
		{460A5AB5-BDC9-46A5-BEB6-645E6151BCBD}.Debug|Any CPU.ActiveCfg = Debug|Any CPU
		{460A5AB5-BDC9-46A5-BEB6-645E6151BCBD}.Debug|Any CPU.Build.0 = Debug|Any CPU
		{460A5AB5-BDC9-46A5-BEB6-645E6151BCBD}.Debug|x64.ActiveCfg = Debug|Any CPU
		{460A5AB5-BDC9-46A5-BEB6-645E6151BCBD}.Debug|x64.Build.0 = Debug|Any CPU
		{460A5AB5-BDC9-46A5-BEB6-645E6151BCBD}.Debug|x86.ActiveCfg = Debug|Any CPU
		{460A5AB5-BDC9-46A5-BEB6-645E6151BCBD}.Debug|x86.Build.0 = Debug|Any CPU
		{460A5AB5-BDC9-46A5-BEB6-645E6151BCBD}.Release|Any CPU.ActiveCfg = Release|Any CPU
		{460A5AB5-BDC9-46A5-BEB6-645E6151BCBD}.Release|Any CPU.Build.0 = Release|Any CPU
		{460A5AB5-BDC9-46A5-BEB6-645E6151BCBD}.Release|x64.ActiveCfg = Release|Any CPU
		{460A5AB5-BDC9-46A5-BEB6-645E6151BCBD}.Release|x64.Build.0 = Release|Any CPU
		{460A5AB5-BDC9-46A5-BEB6-645E6151BCBD}.Release|x86.ActiveCfg = Release|Any CPU
		{460A5AB5-BDC9-46A5-BEB6-645E6151BCBD}.Release|x86.Build.0 = Release|Any CPU
		{6A6983D6-7D3B-99C9-A878-99CD575735AF}.Debug|Any CPU.ActiveCfg = Debug|Any CPU
		{6A6983D6-7D3B-99C9-A878-99CD575735AF}.Debug|Any CPU.Build.0 = Debug|Any CPU
		{6A6983D6-7D3B-99C9-A878-99CD575735AF}.Debug|x64.ActiveCfg = Debug|Any CPU
		{6A6983D6-7D3B-99C9-A878-99CD575735AF}.Debug|x64.Build.0 = Debug|Any CPU
		{6A6983D6-7D3B-99C9-A878-99CD575735AF}.Debug|x86.ActiveCfg = Debug|Any CPU
		{6A6983D6-7D3B-99C9-A878-99CD575735AF}.Debug|x86.Build.0 = Debug|Any CPU
		{6A6983D6-7D3B-99C9-A878-99CD575735AF}.Release|Any CPU.ActiveCfg = Release|Any CPU
		{6A6983D6-7D3B-99C9-A878-99CD575735AF}.Release|Any CPU.Build.0 = Release|Any CPU
		{6A6983D6-7D3B-99C9-A878-99CD575735AF}.Release|x64.ActiveCfg = Release|Any CPU
		{6A6983D6-7D3B-99C9-A878-99CD575735AF}.Release|x64.Build.0 = Release|Any CPU
		{6A6983D6-7D3B-99C9-A878-99CD575735AF}.Release|x86.ActiveCfg = Release|Any CPU
		{6A6983D6-7D3B-99C9-A878-99CD575735AF}.Release|x86.Build.0 = Release|Any CPU
		{78F65DD9-CE7E-9849-7A33-89F14593A646}.Debug|Any CPU.ActiveCfg = Debug|Any CPU
		{78F65DD9-CE7E-9849-7A33-89F14593A646}.Debug|Any CPU.Build.0 = Debug|Any CPU
		{78F65DD9-CE7E-9849-7A33-89F14593A646}.Debug|x64.ActiveCfg = Debug|Any CPU
		{78F65DD9-CE7E-9849-7A33-89F14593A646}.Debug|x64.Build.0 = Debug|Any CPU
		{78F65DD9-CE7E-9849-7A33-89F14593A646}.Debug|x86.ActiveCfg = Debug|Any CPU
		{78F65DD9-CE7E-9849-7A33-89F14593A646}.Debug|x86.Build.0 = Debug|Any CPU
		{78F65DD9-CE7E-9849-7A33-89F14593A646}.Release|Any CPU.ActiveCfg = Release|Any CPU
		{78F65DD9-CE7E-9849-7A33-89F14593A646}.Release|Any CPU.Build.0 = Release|Any CPU
		{78F65DD9-CE7E-9849-7A33-89F14593A646}.Release|x64.ActiveCfg = Release|Any CPU
		{78F65DD9-CE7E-9849-7A33-89F14593A646}.Release|x64.Build.0 = Release|Any CPU
		{78F65DD9-CE7E-9849-7A33-89F14593A646}.Release|x86.ActiveCfg = Release|Any CPU
		{78F65DD9-CE7E-9849-7A33-89F14593A646}.Release|x86.Build.0 = Release|Any CPU
		{C655EE2F-C722-C61B-19E1-0A188DFF0B2C}.Debug|Any CPU.ActiveCfg = Debug|Any CPU
		{C655EE2F-C722-C61B-19E1-0A188DFF0B2C}.Debug|Any CPU.Build.0 = Debug|Any CPU
		{C655EE2F-C722-C61B-19E1-0A188DFF0B2C}.Debug|x64.ActiveCfg = Debug|Any CPU
		{C655EE2F-C722-C61B-19E1-0A188DFF0B2C}.Debug|x64.Build.0 = Debug|Any CPU
		{C655EE2F-C722-C61B-19E1-0A188DFF0B2C}.Debug|x86.ActiveCfg = Debug|Any CPU
		{C655EE2F-C722-C61B-19E1-0A188DFF0B2C}.Debug|x86.Build.0 = Debug|Any CPU
		{C655EE2F-C722-C61B-19E1-0A188DFF0B2C}.Release|Any CPU.ActiveCfg = Release|Any CPU
		{C655EE2F-C722-C61B-19E1-0A188DFF0B2C}.Release|Any CPU.Build.0 = Release|Any CPU
		{C655EE2F-C722-C61B-19E1-0A188DFF0B2C}.Release|x64.ActiveCfg = Release|Any CPU
		{C655EE2F-C722-C61B-19E1-0A188DFF0B2C}.Release|x64.Build.0 = Release|Any CPU
		{C655EE2F-C722-C61B-19E1-0A188DFF0B2C}.Release|x86.ActiveCfg = Release|Any CPU
		{C655EE2F-C722-C61B-19E1-0A188DFF0B2C}.Release|x86.Build.0 = Release|Any CPU
		{48F02E4D-838D-0C38-6B5B-D60453FE80DF}.Debug|Any CPU.ActiveCfg = Debug|Any CPU
		{48F02E4D-838D-0C38-6B5B-D60453FE80DF}.Debug|Any CPU.Build.0 = Debug|Any CPU
		{48F02E4D-838D-0C38-6B5B-D60453FE80DF}.Debug|x64.ActiveCfg = Debug|Any CPU
		{48F02E4D-838D-0C38-6B5B-D60453FE80DF}.Debug|x64.Build.0 = Debug|Any CPU
		{48F02E4D-838D-0C38-6B5B-D60453FE80DF}.Debug|x86.ActiveCfg = Debug|Any CPU
		{48F02E4D-838D-0C38-6B5B-D60453FE80DF}.Debug|x86.Build.0 = Debug|Any CPU
		{48F02E4D-838D-0C38-6B5B-D60453FE80DF}.Release|Any CPU.ActiveCfg = Release|Any CPU
		{48F02E4D-838D-0C38-6B5B-D60453FE80DF}.Release|Any CPU.Build.0 = Release|Any CPU
		{48F02E4D-838D-0C38-6B5B-D60453FE80DF}.Release|x64.ActiveCfg = Release|Any CPU
		{48F02E4D-838D-0C38-6B5B-D60453FE80DF}.Release|x64.Build.0 = Release|Any CPU
		{48F02E4D-838D-0C38-6B5B-D60453FE80DF}.Release|x86.ActiveCfg = Release|Any CPU
		{48F02E4D-838D-0C38-6B5B-D60453FE80DF}.Release|x86.Build.0 = Release|Any CPU
		{931DD7CA-C670-8B1F-6080-92309DA3CC38}.Debug|Any CPU.ActiveCfg = Debug|Any CPU
		{931DD7CA-C670-8B1F-6080-92309DA3CC38}.Debug|Any CPU.Build.0 = Debug|Any CPU
		{931DD7CA-C670-8B1F-6080-92309DA3CC38}.Debug|x64.ActiveCfg = Debug|Any CPU
		{931DD7CA-C670-8B1F-6080-92309DA3CC38}.Debug|x64.Build.0 = Debug|Any CPU
		{931DD7CA-C670-8B1F-6080-92309DA3CC38}.Debug|x86.ActiveCfg = Debug|Any CPU
		{931DD7CA-C670-8B1F-6080-92309DA3CC38}.Debug|x86.Build.0 = Debug|Any CPU
		{931DD7CA-C670-8B1F-6080-92309DA3CC38}.Release|Any CPU.ActiveCfg = Release|Any CPU
		{931DD7CA-C670-8B1F-6080-92309DA3CC38}.Release|Any CPU.Build.0 = Release|Any CPU
		{931DD7CA-C670-8B1F-6080-92309DA3CC38}.Release|x64.ActiveCfg = Release|Any CPU
		{931DD7CA-C670-8B1F-6080-92309DA3CC38}.Release|x64.Build.0 = Release|Any CPU
		{931DD7CA-C670-8B1F-6080-92309DA3CC38}.Release|x86.ActiveCfg = Release|Any CPU
		{931DD7CA-C670-8B1F-6080-92309DA3CC38}.Release|x86.Build.0 = Release|Any CPU
		{7216B13A-57E7-0B6A-C135-0EC95868573D}.Debug|Any CPU.ActiveCfg = Debug|Any CPU
		{7216B13A-57E7-0B6A-C135-0EC95868573D}.Debug|Any CPU.Build.0 = Debug|Any CPU
		{7216B13A-57E7-0B6A-C135-0EC95868573D}.Debug|x64.ActiveCfg = Debug|Any CPU
		{7216B13A-57E7-0B6A-C135-0EC95868573D}.Debug|x64.Build.0 = Debug|Any CPU
		{7216B13A-57E7-0B6A-C135-0EC95868573D}.Debug|x86.ActiveCfg = Debug|Any CPU
		{7216B13A-57E7-0B6A-C135-0EC95868573D}.Debug|x86.Build.0 = Debug|Any CPU
		{7216B13A-57E7-0B6A-C135-0EC95868573D}.Release|Any CPU.ActiveCfg = Release|Any CPU
		{7216B13A-57E7-0B6A-C135-0EC95868573D}.Release|Any CPU.Build.0 = Release|Any CPU
		{7216B13A-57E7-0B6A-C135-0EC95868573D}.Release|x64.ActiveCfg = Release|Any CPU
		{7216B13A-57E7-0B6A-C135-0EC95868573D}.Release|x64.Build.0 = Release|Any CPU
		{7216B13A-57E7-0B6A-C135-0EC95868573D}.Release|x86.ActiveCfg = Release|Any CPU
		{7216B13A-57E7-0B6A-C135-0EC95868573D}.Release|x86.Build.0 = Release|Any CPU
	EndGlobalSection
	GlobalSection(SolutionProperties) = preSolution
		HideSolutionNode = FALSE
	EndGlobalSection
	GlobalSection(NestedProjects) = preSolution
		{59CF4AF9-7ACD-4CE1-AC41-DB668E5F9D02} = {A9DB620B-96BD-4D67-8E5A-F120760689D0}
		{67FD47D4-9E62-4D3C-9B5D-38CB87147D4C} = {A9DB620B-96BD-4D67-8E5A-F120760689D0}
		{581D916C-1B61-4A1F-A9D4-566327D9136C} = {A9DB620B-96BD-4D67-8E5A-F120760689D0}
		{1E182A8F-BB64-4338-9809-F459DE1484F9} = {A9DB620B-96BD-4D67-8E5A-F120760689D0}
		{460A5AB5-BDC9-46A5-BEB6-645E6151BCBD} = {A9DB620B-96BD-4D67-8E5A-F120760689D0}
		{6A6983D6-7D3B-99C9-A878-99CD575735AF} = {80482E18-AEA2-434B-9D90-191659EACB7A}
		{78F65DD9-CE7E-9849-7A33-89F14593A646} = {80482E18-AEA2-434B-9D90-191659EACB7A}
		{C655EE2F-C722-C61B-19E1-0A188DFF0B2C} = {80482E18-AEA2-434B-9D90-191659EACB7A}
		{48F02E4D-838D-0C38-6B5B-D60453FE80DF} = {02519FA6-7D77-4267-950C-DBFF463B1C87}
		{931DD7CA-C670-8B1F-6080-92309DA3CC38} = {80482E18-AEA2-434B-9D90-191659EACB7A}
		{7216B13A-57E7-0B6A-C135-0EC95868573D} = {80482E18-AEA2-434B-9D90-191659EACB7A}
	EndGlobalSection
	GlobalSection(ExtensibilityGlobals) = postSolution
		SolutionGuid = {FA20163D-833A-4BDA-A13D-9689B21D4FE2}
	EndGlobalSection
EndGlobal
